
Microsoft Visual Studio Solution File, Format Version 12.00
# Visual Studio Version 17
VisualStudioVersion = 17.0.31903.59
MinimumVisualStudioVersion = 10.0.40219.1
Project("{2150E333-8FDC-42A3-9474-1A3956D46DE8}") = "backend", "backend", "{1AE8ACA6-933B-BF2A-3671-3E2EAC007D16}"
EndProject
Project("{FAE04EC0-301F-11D3-BF4B-00C04F79EFBC}") = "oniDash.Core", "backend\oniDash.Core\oniDash.Core.csproj", "{174A1FEE-DEF6-4B8C-A79F-F7F00C7ADC84}"
EndProject
Project("{FAE04EC0-301F-11D3-BF4B-00C04F79EFBC}") = "oniDash.Application", "backend\oniDash.Application\oniDash.Application.csproj", "{A9B64A5E-D6FB-4A1B-9ACE-71629904DD31}"
EndProject
Project("{FAE04EC0-301F-11D3-BF4B-00C04F79EFBC}") = "oniDash.Infrastructure", "backend\oniDash.Infrastructure\oniDash.Infrastructure.csproj", "{DC0CFB03-6F40-4AE2-899A-010D97D4830E}"
EndProject
Project("{FAE04EC0-301F-11D3-BF4B-00C04F79EFBC}") = "oniDash.Api", "backend\oniDash.Api\oniDash.Api.csproj", "{F7E2E2EF-2DB8-4C87-9578-905C0C68029B}"
EndProject
Project("{2150E333-8FDC-42A3-9474-1A3956D46DE8}") = "tests", "tests", "{0AB3BF05-4346-4AA6-1389-037BE0695223}"
EndProject
Project("{FAE04EC0-301F-11D3-BF4B-00C04F79EFBC}") = "oniDash.Core.Tests", "tests\oniDash.Core.Tests\oniDash.Core.Tests.csproj", "{29AC906C-43BE-4640-9B23-2BC588EB90EE}"
EndProject
Project("{FAE04EC0-301F-11D3-BF4B-00C04F79EFBC}") = "oniDash.Application.Tests", "tests\oniDash.Application.Tests\oniDash.Application.Tests.csproj", "{76BC775B-2419-4930-8B18-658A87FD9B94}"
EndProject
Project("{FAE04EC0-301F-11D3-BF4B-00C04F79EFBC}") = "oniDash.Api.Tests", "tests\oniDash.Api.Tests\oniDash.Api.Tests.csproj", "{77D08F8B-CB4F-49DC-9096-9F4FE202B66F}"
EndProject
Project("{FAE04EC0-301F-11D3-BF4B-00C04F79EFBC}") = "oniDash.Infrastructure.Tests", "tests\oniDash.Infrastructure.Tests\oniDash.Infrastructure.Tests.csproj", "{F795A528-CC2A-4150-A066-DCC95086300D}"
EndProject
Project("{FAE04EC0-301F-11D3-BF4B-00C04F79EFBC}") = "oniDash.Music", "backend\oniDash.Music\oniDash.Music.csproj", "{A8CE0607-860C-4244-892B-0FCA3EAC93DD}"
EndProject
Project("{FAE04EC0-301F-11D3-BF4B-00C04F79EFBC}") = "oniDash.Music.Tests", "tests\oniDash.Music.Tests\oniDash.Music.Tests.csproj", "{11DADD97-DB66-4573-9200-412262201073}"
EndProject
Project("{FAE04EC0-301F-11D3-BF4B-00C04F79EFBC}") = "oniDash.Movies", "backend\oniDash.Movies\oniDash.Movies.csproj", "{93C05672-CE52-41E1-A776-0BF34B9C33A0}"
EndProject
Project("{FAE04EC0-301F-11D3-BF4B-00C04F79EFBC}") = "oniDash.Movies.Tests", "tests\oniDash.Movies.Tests\oniDash.Movies.Tests.csproj", "{062EC93C-B407-46DE-84AD-3C8D11CB3E8B}"
EndProject
Project("{FAE04EC0-301F-11D3-BF4B-00C04F79EFBC}") = "oniDash.Books", "backend\oniDash.Books\oniDash.Books.csproj", "{C2D0A444-FF51-4002-94D0-4161BFB207DD}"
EndProject
Project("{FAE04EC0-301F-11D3-BF4B-00C04F79EFBC}") = "oniDash.Books.Tests", "tests\oniDash.Books.Tests\oniDash.Books.Tests.csproj", "{5B3AD652-AEB7-4068-8314-5B3A43C24448}"
EndProject
Global
	GlobalSection(SolutionConfigurationPlatforms) = preSolution
		Debug|Any CPU = Debug|Any CPU
		Debug|x64 = Debug|x64
		Debug|x86 = Debug|x86
		Release|Any CPU = Release|Any CPU
		Release|x64 = Release|x64
		Release|x86 = Release|x86
	EndGlobalSection
	GlobalSection(ProjectConfigurationPlatforms) = postSolution
		{174A1FEE-DEF6-4B8C-A79F-F7F00C7ADC84}.Debug|Any CPU.ActiveCfg = Debug|Any CPU
		{174A1FEE-DEF6-4B8C-A79F-F7F00C7ADC84}.Debug|Any CPU.Build.0 = Debug|Any CPU
		{174A1FEE-DEF6-4B8C-A79F-F7F00C7ADC84}.Debug|x64.ActiveCfg = Debug|Any CPU
		{174A1FEE-DEF6-4B8C-A79F-F7F00C7ADC84}.Debug|x64.Build.0 = Debug|Any CPU
		{174A1FEE-DEF6-4B8C-A79F-F7F00C7ADC84}.Debug|x86.ActiveCfg = Debug|Any CPU
		{174A1FEE-DEF6-4B8C-A79F-F7F00C7ADC84}.Debug|x86.Build.0 = Debug|Any CPU
		{174A1FEE-DEF6-4B8C-A79F-F7F00C7ADC84}.Release|Any CPU.ActiveCfg = Release|Any CPU
		{174A1FEE-DEF6-4B8C-A79F-F7F00C7ADC84}.Release|Any CPU.Build.0 = Release|Any CPU
		{174A1FEE-DEF6-4B8C-A79F-F7F00C7ADC84}.Release|x64.ActiveCfg = Release|Any CPU
		{174A1FEE-DEF6-4B8C-A79F-F7F00C7ADC84}.Release|x64.Build.0 = Release|Any CPU
		{174A1FEE-DEF6-4B8C-A79F-F7F00C7ADC84}.Release|x86.ActiveCfg = Release|Any CPU
		{174A1FEE-DEF6-4B8C-A79F-F7F00C7ADC84}.Release|x86.Build.0 = Release|Any CPU
		{A9B64A5E-D6FB-4A1B-9ACE-71629904DD31}.Debug|Any CPU.ActiveCfg = Debug|Any CPU
		{A9B64A5E-D6FB-4A1B-9ACE-71629904DD31}.Debug|Any CPU.Build.0 = Debug|Any CPU
		{A9B64A5E-D6FB-4A1B-9ACE-71629904DD31}.Debug|x64.ActiveCfg = Debug|Any CPU
		{A9B64A5E-D6FB-4A1B-9ACE-71629904DD31}.Debug|x64.Build.0 = Debug|Any CPU
		{A9B64A5E-D6FB-4A1B-9ACE-71629904DD31}.Debug|x86.ActiveCfg = Debug|Any CPU
		{A9B64A5E-D6FB-4A1B-9ACE-71629904DD31}.Debug|x86.Build.0 = Debug|Any CPU
		{A9B64A5E-D6FB-4A1B-9ACE-71629904DD31}.Release|Any CPU.ActiveCfg = Release|Any CPU
		{A9B64A5E-D6FB-4A1B-9ACE-71629904DD31}.Release|Any CPU.Build.0 = Release|Any CPU
		{A9B64A5E-D6FB-4A1B-9ACE-71629904DD31}.Release|x64.ActiveCfg = Release|Any CPU
		{A9B64A5E-D6FB-4A1B-9ACE-71629904DD31}.Release|x64.Build.0 = Release|Any CPU
		{A9B64A5E-D6FB-4A1B-9ACE-71629904DD31}.Release|x86.ActiveCfg = Release|Any CPU
		{A9B64A5E-D6FB-4A1B-9ACE-71629904DD31}.Release|x86.Build.0 = Release|Any CPU
		{DC0CFB03-6F40-4AE2-899A-010D97D4830E}.Debug|Any CPU.ActiveCfg = Debug|Any CPU
		{DC0CFB03-6F40-4AE2-899A-010D97D4830E}.Debug|Any CPU.Build.0 = Debug|Any CPU
		{DC0CFB03-6F40-4AE2-899A-010D97D4830E}.Debug|x64.ActiveCfg = Debug|Any CPU
		{DC0CFB03-6F40-4AE2-899A-010D97D4830E}.Debug|x64.Build.0 = Debug|Any CPU
		{DC0CFB03-6F40-4AE2-899A-010D97D4830E}.Debug|x86.ActiveCfg = Debug|Any CPU
		{DC0CFB03-6F40-4AE2-899A-010D97D4830E}.Debug|x86.Build.0 = Debug|Any CPU
		{DC0CFB03-6F40-4AE2-899A-010D97D4830E}.Release|Any CPU.ActiveCfg = Release|Any CPU
		{DC0CFB03-6F40-4AE2-899A-010D97D4830E}.Release|Any CPU.Build.0 = Release|Any CPU
		{DC0CFB03-6F40-4AE2-899A-010D97D4830E}.Release|x64.ActiveCfg = Release|Any CPU
		{DC0CFB03-6F40-4AE2-899A-010D97D4830E}.Release|x64.Build.0 = Release|Any CPU
		{DC0CFB03-6F40-4AE2-899A-010D97D4830E}.Release|x86.ActiveCfg = Release|Any CPU
		{DC0CFB03-6F40-4AE2-899A-010D97D4830E}.Release|x86.Build.0 = Release|Any CPU
		{F7E2E2EF-2DB8-4C87-9578-905C0C68029B}.Debug|Any CPU.ActiveCfg = Debug|Any CPU
		{F7E2E2EF-2DB8-4C87-9578-905C0C68029B}.Debug|Any CPU.Build.0 = Debug|Any CPU
		{F7E2E2EF-2DB8-4C87-9578-905C0C68029B}.Debug|x64.ActiveCfg = Debug|Any CPU
		{F7E2E2EF-2DB8-4C87-9578-905C0C68029B}.Debug|x64.Build.0 = Debug|Any CPU
		{F7E2E2EF-2DB8-4C87-9578-905C0C68029B}.Debug|x86.ActiveCfg = Debug|Any CPU
		{F7E2E2EF-2DB8-4C87-9578-905C0C68029B}.Debug|x86.Build.0 = Debug|Any CPU
		{F7E2E2EF-2DB8-4C87-9578-905C0C68029B}.Release|Any CPU.ActiveCfg = Release|Any CPU
		{F7E2E2EF-2DB8-4C87-9578-905C0C68029B}.Release|Any CPU.Build.0 = Release|Any CPU
		{F7E2E2EF-2DB8-4C87-9578-905C0C68029B}.Release|x64.ActiveCfg = Release|Any CPU
		{F7E2E2EF-2DB8-4C87-9578-905C0C68029B}.Release|x64.Build.0 = Release|Any CPU
		{F7E2E2EF-2DB8-4C87-9578-905C0C68029B}.Release|x86.ActiveCfg = Release|Any CPU
		{F7E2E2EF-2DB8-4C87-9578-905C0C68029B}.Release|x86.Build.0 = Release|Any CPU
		{29AC906C-43BE-4640-9B23-2BC588EB90EE}.Debug|Any CPU.ActiveCfg = Debug|Any CPU
		{29AC906C-43BE-4640-9B23-2BC588EB90EE}.Debug|Any CPU.Build.0 = Debug|Any CPU
		{29AC906C-43BE-4640-9B23-2BC588EB90EE}.Debug|x64.ActiveCfg = Debug|Any CPU
		{29AC906C-43BE-4640-9B23-2BC588EB90EE}.Debug|x64.Build.0 = Debug|Any CPU
		{29AC906C-43BE-4640-9B23-2BC588EB90EE}.Debug|x86.ActiveCfg = Debug|Any CPU
		{29AC906C-43BE-4640-9B23-2BC588EB90EE}.Debug|x86.Build.0 = Debug|Any CPU
		{29AC906C-43BE-4640-9B23-2BC588EB90EE}.Release|Any CPU.ActiveCfg = Release|Any CPU
		{29AC906C-43BE-4640-9B23-2BC588EB90EE}.Release|Any CPU.Build.0 = Release|Any CPU
		{29AC906C-43BE-4640-9B23-2BC588EB90EE}.Release|x64.ActiveCfg = Release|Any CPU
		{29AC906C-43BE-4640-9B23-2BC588EB90EE}.Release|x64.Build.0 = Release|Any CPU
		{29AC906C-43BE-4640-9B23-2BC588EB90EE}.Release|x86.ActiveCfg = Release|Any CPU
		{29AC906C-43BE-4640-9B23-2BC588EB90EE}.Release|x86.Build.0 = Release|Any CPU
		{76BC775B-2419-4930-8B18-658A87FD9B94}.Debug|Any CPU.ActiveCfg = Debug|Any CPU
		{76BC775B-2419-4930-8B18-658A87FD9B94}.Debug|Any CPU.Build.0 = Debug|Any CPU
		{76BC775B-2419-4930-8B18-658A87FD9B94}.Debug|x64.ActiveCfg = Debug|Any CPU
		{76BC775B-2419-4930-8B18-658A87FD9B94}.Debug|x64.Build.0 = Debug|Any CPU
		{76BC775B-2419-4930-8B18-658A87FD9B94}.Debug|x86.ActiveCfg = Debug|Any CPU
		{76BC775B-2419-4930-8B18-658A87FD9B94}.Debug|x86.Build.0 = Debug|Any CPU
		{76BC775B-2419-4930-8B18-658A87FD9B94}.Release|Any CPU.ActiveCfg = Release|Any CPU
		{76BC775B-2419-4930-8B18-658A87FD9B94}.Release|Any CPU.Build.0 = Release|Any CPU
		{76BC775B-2419-4930-8B18-658A87FD9B94}.Release|x64.ActiveCfg = Release|Any CPU
		{76BC775B-2419-4930-8B18-658A87FD9B94}.Release|x64.Build.0 = Release|Any CPU
		{76BC775B-2419-4930-8B18-658A87FD9B94}.Release|x86.ActiveCfg = Release|Any CPU
		{76BC775B-2419-4930-8B18-658A87FD9B94}.Release|x86.Build.0 = Release|Any CPU
		{77D08F8B-CB4F-49DC-9096-9F4FE202B66F}.Debug|Any CPU.ActiveCfg = Debug|Any CPU
		{77D08F8B-CB4F-49DC-9096-9F4FE202B66F}.Debug|Any CPU.Build.0 = Debug|Any CPU
		{77D08F8B-CB4F-49DC-9096-9F4FE202B66F}.Debug|x64.ActiveCfg = Debug|Any CPU
		{77D08F8B-CB4F-49DC-9096-9F4FE202B66F}.Debug|x64.Build.0 = Debug|Any CPU
		{77D08F8B-CB4F-49DC-9096-9F4FE202B66F}.Debug|x86.ActiveCfg = Debug|Any CPU
		{77D08F8B-CB4F-49DC-9096-9F4FE202B66F}.Debug|x86.Build.0 = Debug|Any CPU
		{77D08F8B-CB4F-49DC-9096-9F4FE202B66F}.Release|Any CPU.ActiveCfg = Release|Any CPU
		{77D08F8B-CB4F-49DC-9096-9F4FE202B66F}.Release|Any CPU.Build.0 = Release|Any CPU
		{77D08F8B-CB4F-49DC-9096-9F4FE202B66F}.Release|x64.ActiveCfg = Release|Any CPU
		{77D08F8B-CB4F-49DC-9096-9F4FE202B66F}.Release|x64.Build.0 = Release|Any CPU
		{77D08F8B-CB4F-49DC-9096-9F4FE202B66F}.Release|x86.ActiveCfg = Release|Any CPU
		{77D08F8B-CB4F-49DC-9096-9F4FE202B66F}.Release|x86.Build.0 = Release|Any CPU
		{F795A528-CC2A-4150-A066-DCC95086300D}.Debug|Any CPU.ActiveCfg = Debug|Any CPU
		{F795A528-CC2A-4150-A066-DCC95086300D}.Debug|Any CPU.Build.0 = Debug|Any CPU
		{F795A528-CC2A-4150-A066-DCC95086300D}.Debug|x64.ActiveCfg = Debug|Any CPU
		{F795A528-CC2A-4150-A066-DCC95086300D}.Debug|x64.Build.0 = Debug|Any CPU
		{F795A528-CC2A-4150-A066-DCC95086300D}.Debug|x86.ActiveCfg = Debug|Any CPU
		{F795A528-CC2A-4150-A066-DCC95086300D}.Debug|x86.Build.0 = Debug|Any CPU
		{F795A528-CC2A-4150-A066-DCC95086300D}.Release|Any CPU.ActiveCfg = Release|Any CPU
		{F795A528-CC2A-4150-A066-DCC95086300D}.Release|Any CPU.Build.0 = Release|Any CPU
		{F795A528-CC2A-4150-A066-DCC95086300D}.Release|x64.ActiveCfg = Release|Any CPU
		{F795A528-CC2A-4150-A066-DCC95086300D}.Release|x64.Build.0 = Release|Any CPU
		{F795A528-CC2A-4150-A066-DCC95086300D}.Release|x86.ActiveCfg = Release|Any CPU
		{F795A528-CC2A-4150-A066-DCC95086300D}.Release|x86.Build.0 = Release|Any CPU
		{A8CE0607-860C-4244-892B-0FCA3EAC93DD}.Debug|Any CPU.ActiveCfg = Debug|Any CPU
		{A8CE0607-860C-4244-892B-0FCA3EAC93DD}.Debug|Any CPU.Build.0 = Debug|Any CPU
		{A8CE0607-860C-4244-892B-0FCA3EAC93DD}.Debug|x64.ActiveCfg = Debug|Any CPU
		{A8CE0607-860C-4244-892B-0FCA3EAC93DD}.Debug|x64.Build.0 = Debug|Any CPU
		{A8CE0607-860C-4244-892B-0FCA3EAC93DD}.Debug|x86.ActiveCfg = Debug|Any CPU
		{A8CE0607-860C-4244-892B-0FCA3EAC93DD}.Debug|x86.Build.0 = Debug|Any CPU
		{A8CE0607-860C-4244-892B-0FCA3EAC93DD}.Release|Any CPU.ActiveCfg = Release|Any CPU
		{A8CE0607-860C-4244-892B-0FCA3EAC93DD}.Release|Any CPU.Build.0 = Release|Any CPU
		{A8CE0607-860C-4244-892B-0FCA3EAC93DD}.Release|x64.ActiveCfg = Release|Any CPU
		{A8CE0607-860C-4244-892B-0FCA3EAC93DD}.Release|x64.Build.0 = Release|Any CPU
		{A8CE0607-860C-4244-892B-0FCA3EAC93DD}.Release|x86.ActiveCfg = Release|Any CPU
		{A8CE0607-860C-4244-892B-0FCA3EAC93DD}.Release|x86.Build.0 = Release|Any CPU
		{11DADD97-DB66-4573-9200-412262201073}.Debug|Any CPU.ActiveCfg = Debug|Any CPU
		{11DADD97-DB66-4573-9200-412262201073}.Debug|Any CPU.Build.0 = Debug|Any CPU
		{11DADD97-DB66-4573-9200-412262201073}.Debug|x64.ActiveCfg = Debug|Any CPU
		{11DADD97-DB66-4573-9200-412262201073}.Debug|x64.Build.0 = Debug|Any CPU
		{11DADD97-DB66-4573-9200-412262201073}.Debug|x86.ActiveCfg = Debug|Any CPU
		{11DADD97-DB66-4573-9200-412262201073}.Debug|x86.Build.0 = Debug|Any CPU
		{11DADD97-DB66-4573-9200-412262201073}.Release|Any CPU.ActiveCfg = Release|Any CPU
		{11DADD97-DB66-4573-9200-412262201073}.Release|Any CPU.Build.0 = Release|Any CPU
		{11DADD97-DB66-4573-9200-412262201073}.Release|x64.ActiveCfg = Release|Any CPU
		{11DADD97-DB66-4573-9200-412262201073}.Release|x64.Build.0 = Release|Any CPU
		{11DADD97-DB66-4573-9200-412262201073}.Release|x86.ActiveCfg = Release|Any CPU
		{11DADD97-DB66-4573-9200-412262201073}.Release|x86.Build.0 = Release|Any CPU
		{93C05672-CE52-41E1-A776-0BF34B9C33A0}.Debug|Any CPU.ActiveCfg = Debug|Any CPU
		{93C05672-CE52-41E1-A776-0BF34B9C33A0}.Debug|Any CPU.Build.0 = Debug|Any CPU
		{93C05672-CE52-41E1-A776-0BF34B9C33A0}.Debug|x64.ActiveCfg = Debug|Any CPU
		{93C05672-CE52-41E1-A776-0BF34B9C33A0}.Debug|x64.Build.0 = Debug|Any CPU
		{93C05672-CE52-41E1-A776-0BF34B9C33A0}.Debug|x86.ActiveCfg = Debug|Any CPU
		{93C05672-CE52-41E1-A776-0BF34B9C33A0}.Debug|x86.Build.0 = Debug|Any CPU
		{93C05672-CE52-41E1-A776-0BF34B9C33A0}.Release|Any CPU.ActiveCfg = Release|Any CPU
		{93C05672-CE52-41E1-A776-0BF34B9C33A0}.Release|Any CPU.Build.0 = Release|Any CPU
		{93C05672-CE52-41E1-A776-0BF34B9C33A0}.Release|x64.ActiveCfg = Release|Any CPU
		{93C05672-CE52-41E1-A776-0BF34B9C33A0}.Release|x64.Build.0 = Release|Any CPU
		{93C05672-CE52-41E1-A776-0BF34B9C33A0}.Release|x86.ActiveCfg = Release|Any CPU
		{93C05672-CE52-41E1-A776-0BF34B9C33A0}.Release|x86.Build.0 = Release|Any CPU
		{062EC93C-B407-46DE-84AD-3C8D11CB3E8B}.Debug|Any CPU.ActiveCfg = Debug|Any CPU
		{062EC93C-B407-46DE-84AD-3C8D11CB3E8B}.Debug|Any CPU.Build.0 = Debug|Any CPU
		{062EC93C-B407-46DE-84AD-3C8D11CB3E8B}.Debug|x64.ActiveCfg = Debug|Any CPU
		{062EC93C-B407-46DE-84AD-3C8D11CB3E8B}.Debug|x64.Build.0 = Debug|Any CPU
		{062EC93C-B407-46DE-84AD-3C8D11CB3E8B}.Debug|x86.ActiveCfg = Debug|Any CPU
		{062EC93C-B407-46DE-84AD-3C8D11CB3E8B}.Debug|x86.Build.0 = Debug|Any CPU
		{062EC93C-B407-46DE-84AD-3C8D11CB3E8B}.Release|Any CPU.ActiveCfg = Release|Any CPU
		{062EC93C-B407-46DE-84AD-3C8D11CB3E8B}.Release|Any CPU.Build.0 = Release|Any CPU
		{062EC93C-B407-46DE-84AD-3C8D11CB3E8B}.Release|x64.ActiveCfg = Release|Any CPU
		{062EC93C-B407-46DE-84AD-3C8D11CB3E8B}.Release|x64.Build.0 = Release|Any CPU
		{062EC93C-B407-46DE-84AD-3C8D11CB3E8B}.Release|x86.ActiveCfg = Release|Any CPU
		{062EC93C-B407-46DE-84AD-3C8D11CB3E8B}.Release|x86.Build.0 = Release|Any CPU
		{C2D0A444-FF51-4002-94D0-4161BFB207DD}.Debug|Any CPU.ActiveCfg = Debug|Any CPU
		{C2D0A444-FF51-4002-94D0-4161BFB207DD}.Debug|Any CPU.Build.0 = Debug|Any CPU
		{C2D0A444-FF51-4002-94D0-4161BFB207DD}.Debug|x64.ActiveCfg = Debug|Any CPU
		{C2D0A444-FF51-4002-94D0-4161BFB207DD}.Debug|x64.Build.0 = Debug|Any CPU
		{C2D0A444-FF51-4002-94D0-4161BFB207DD}.Debug|x86.ActiveCfg = Debug|Any CPU
		{C2D0A444-FF51-4002-94D0-4161BFB207DD}.Debug|x86.Build.0 = Debug|Any CPU
		{C2D0A444-FF51-4002-94D0-4161BFB207DD}.Release|Any CPU.ActiveCfg = Release|Any CPU
		{C2D0A444-FF51-4002-94D0-4161BFB207DD}.Release|Any CPU.Build.0 = Release|Any CPU
		{C2D0A444-FF51-4002-94D0-4161BFB207DD}.Release|x64.ActiveCfg = Release|Any CPU
		{C2D0A444-FF51-4002-94D0-4161BFB207DD}.Release|x64.Build.0 = Release|Any CPU
		{C2D0A444-FF51-4002-94D0-4161BFB207DD}.Release|x86.ActiveCfg = Release|Any CPU
		{C2D0A444-FF51-4002-94D0-4161BFB207DD}.Release|x86.Build.0 = Release|Any CPU
		{5B3AD652-AEB7-4068-8314-5B3A43C24448}.Debug|Any CPU.ActiveCfg = Debug|Any CPU
		{5B3AD652-AEB7-4068-8314-5B3A43C24448}.Debug|Any CPU.Build.0 = Debug|Any CPU
		{5B3AD652-AEB7-4068-8314-5B3A43C24448}.Debug|x64.ActiveCfg = Debug|Any CPU
		{5B3AD652-AEB7-4068-8314-5B3A43C24448}.Debug|x64.Build.0 = Debug|Any CPU
		{5B3AD652-AEB7-4068-8314-5B3A43C24448}.Debug|x86.ActiveCfg = Debug|Any CPU
		{5B3AD652-AEB7-4068-8314-5B3A43C24448}.Debug|x86.Build.0 = Debug|Any CPU
		{5B3AD652-AEB7-4068-8314-5B3A43C24448}.Release|Any CPU.ActiveCfg = Release|Any CPU
		{5B3AD652-AEB7-4068-8314-5B3A43C24448}.Release|Any CPU.Build.0 = Release|Any CPU
		{5B3AD652-AEB7-4068-8314-5B3A43C24448}.Release|x64.ActiveCfg = Release|Any CPU
		{5B3AD652-AEB7-4068-8314-5B3A43C24448}.Release|x64.Build.0 = Release|Any CPU
		{5B3AD652-AEB7-4068-8314-5B3A43C24448}.Release|x86.ActiveCfg = Release|Any CPU
		{5B3AD652-AEB7-4068-8314-5B3A43C24448}.Release|x86.Build.0 = Release|Any CPU
	EndGlobalSection
	GlobalSection(SolutionProperties) = preSolution
		HideSolutionNode = FALSE
	EndGlobalSection
	GlobalSection(NestedProjects) = preSolution
		{174A1FEE-DEF6-4B8C-A79F-F7F00C7ADC84} = {1AE8ACA6-933B-BF2A-3671-3E2EAC007D16}
		{A9B64A5E-D6FB-4A1B-9ACE-71629904DD31} = {1AE8ACA6-933B-BF2A-3671-3E2EAC007D16}
		{DC0CFB03-6F40-4AE2-899A-010D97D4830E} = {1AE8ACA6-933B-BF2A-3671-3E2EAC007D16}
		{F7E2E2EF-2DB8-4C87-9578-905C0C68029B} = {1AE8ACA6-933B-BF2A-3671-3E2EAC007D16}
		{29AC906C-43BE-4640-9B23-2BC588EB90EE} = {0AB3BF05-4346-4AA6-1389-037BE0695223}
		{76BC775B-2419-4930-8B18-658A87FD9B94} = {0AB3BF05-4346-4AA6-1389-037BE0695223}
		{77D08F8B-CB4F-49DC-9096-9F4FE202B66F} = {0AB3BF05-4346-4AA6-1389-037BE0695223}
		{F795A528-CC2A-4150-A066-DCC95086300D} = {0AB3BF05-4346-4AA6-1389-037BE0695223}
		{A8CE0607-860C-4244-892B-0FCA3EAC93DD} = {1AE8ACA6-933B-BF2A-3671-3E2EAC007D16}
		{11DADD97-DB66-4573-9200-412262201073} = {0AB3BF05-4346-4AA6-1389-037BE0695223}
		{93C05672-CE52-41E1-A776-0BF34B9C33A0} = {1AE8ACA6-933B-BF2A-3671-3E2EAC007D16}
		{062EC93C-B407-46DE-84AD-3C8D11CB3E8B} = {0AB3BF05-4346-4AA6-1389-037BE0695223}
		{C2D0A444-FF51-4002-94D0-4161BFB207DD} = {1AE8ACA6-933B-BF2A-3671-3E2EAC007D16}
		{5B3AD652-AEB7-4068-8314-5B3A43C24448} = {0AB3BF05-4346-4AA6-1389-037BE0695223}
	EndGlobalSection
EndGlobal
